
Microsoft Visual Studio Solution File, Format Version 12.00
# Visual Studio Version 16
VisualStudioVersion = 16.0.30309.148
MinimumVisualStudioVersion = 10.0.40219.1
Project("{9A19103F-16F7-4668-BE54-9A1E7A4F7556}") = "Contoso", "Contoso\Contoso.csproj", "{5023E9F0-4984-469D-802F-1C7A44417114}"
EndProject
Project("{9A19103F-16F7-4668-BE54-9A1E7A4F7556}") = "ContosoUniversity", "cu-final\ContosoUniversity.csproj", "{43A09D6C-3C23-4E7F-A1C5-554BCDED6EC6}"
EndProject
Global
	GlobalSection(SolutionConfigurationPlatforms) = preSolution
		Debug|Any CPU = Debug|Any CPU
		Release|Any CPU = Release|Any CPU
	EndGlobalSection
	GlobalSection(ProjectConfigurationPlatforms) = postSolution
		{5023E9F0-4984-469D-802F-1C7A44417114}.Debug|Any CPU.ActiveCfg = Debug|Any CPU
		{5023E9F0-4984-469D-802F-1C7A44417114}.Debug|Any CPU.Build.0 = Debug|Any CPU
		{5023E9F0-4984-469D-802F-1C7A44417114}.Release|Any CPU.ActiveCfg = Release|Any CPU
		{5023E9F0-4984-469D-802F-1C7A44417114}.Release|Any CPU.Build.0 = Release|Any CPU
		{43A09D6C-3C23-4E7F-A1C5-554BCDED6EC6}.Debug|Any CPU.ActiveCfg = Debug|Any CPU
		{43A09D6C-3C23-4E7F-A1C5-554BCDED6EC6}.Debug|Any CPU.Build.0 = Debug|Any CPU
		{43A09D6C-3C23-4E7F-A1C5-554BCDED6EC6}.Release|Any CPU.ActiveCfg = Release|Any CPU
		{43A09D6C-3C23-4E7F-A1C5-554BCDED6EC6}.Release|Any CPU.Build.0 = Release|Any CPU
	EndGlobalSection
	GlobalSection(SolutionProperties) = preSolution
		HideSolutionNode = FALSE
	EndGlobalSection
	GlobalSection(ExtensibilityGlobals) = postSolution
		SolutionGuid = {0E22A365-125E-4C6D-8BD8-81A3564D0879}
	EndGlobalSection
EndGlobal
